
Microsoft Visual Studio Solution File, Format Version 12.00
# Visual Studio Version 17
VisualStudioVersion = 17.10.34928.147
MinimumVisualStudioVersion = 10.0.40219.1
Project("{FAE04EC0-301F-11D3-BF4B-00C04F79EFBC}") = "admin", "admin.csproj", "{A2AC506E-EACA-4841-9FB4-41678AA1A7C8}"
EndProject
Global
	GlobalSection(SolutionConfigurationPlatforms) = preSolution
		Debug|Any CPU = Debug|Any CPU
		Release|Any CPU = Release|Any CPU
	EndGlobalSection
	GlobalSection(ProjectConfigurationPlatforms) = postSolution
		{A2AC506E-EACA-4841-9FB4-41678AA1A7C8}.Debug|Any CPU.ActiveCfg = Debug|Any CPU
		{A2AC506E-EACA-4841-9FB4-41678AA1A7C8}.Debug|Any CPU.Build.0 = Debug|Any CPU
		{A2AC506E-EACA-4841-9FB4-41678AA1A7C8}.Release|Any CPU.ActiveCfg = Release|Any CPU
		{A2AC506E-EACA-4841-9FB4-41678AA1A7C8}.Release|Any CPU.Build.0 = Release|Any CPU
	EndGlobalSection
	GlobalSection(SolutionProperties) = preSolution
		HideSolutionNode = FALSE
	EndGlobalSection
	GlobalSection(ExtensibilityGlobals) = postSolution
		SolutionGuid = {13D249B5-0086-4983-80B7-91458D7EE2F0}
	EndGlobalSection
EndGlobal
